
Microsoft Visual Studio Solution File, Format Version 12.00
# Visual Studio Version 17
VisualStudioVersion = 17.8.34511.84
MinimumVisualStudioVersion = 10.0.40219.1
Project("{FAE04EC0-301F-11D3-BF4B-00C04F79EFBC}") = "TeacherQuestions", "TeacherQuestions\TeacherQuestions.csproj", "{5513041D-E0B7-472F-A10C-52687771151B}"
EndProject
Global
	GlobalSection(SolutionConfigurationPlatforms) = preSolution
		Debug|Any CPU = Debug|Any CPU
		Release|Any CPU = Release|Any CPU
	EndGlobalSection
	GlobalSection(ProjectConfigurationPlatforms) = postSolution
		{5513041D-E0B7-472F-A10C-52687771151B}.Debug|Any CPU.ActiveCfg = Debug|Any CPU
		{5513041D-E0B7-472F-A10C-52687771151B}.Debug|Any CPU.Build.0 = Debug|Any CPU
		{5513041D-E0B7-472F-A10C-52687771151B}.Release|Any CPU.ActiveCfg = Release|Any CPU
		{5513041D-E0B7-472F-A10C-52687771151B}.Release|Any CPU.Build.0 = Release|Any CPU
	EndGlobalSection
	GlobalSection(SolutionProperties) = preSolution
		HideSolutionNode = FALSE
	EndGlobalSection
	GlobalSection(ExtensibilityGlobals) = postSolution
		SolutionGuid = {F7CD93D6-6564-41E4-840D-CFBBCCD1C6EF}
	EndGlobalSection
EndGlobal
